{
  "name": "ghaith-web-content-os",
  "version": "2.0.0",
  "lockfileVersion": 3,
  "requires": true,
  "packages": {
    "": {
      "name": "ghaith-web-content-os",
      "version": "2.0.0",
      "private": true,
      "devDependencies": {
        "@types/node": "26.1.2",
        "ts-node": "10.9.2",
        "typescript": "7.0.2"
      },
      "engines": {
        "node": ">=22"
      }
    }
  }
}
